
Microsoft Visual Studio Solution File, Format Version 12.00
# Visual Studio 15
VisualStudioVersion = 15.0.27130.2036
MinimumVisualStudioVersion = 10.0.40219.1
Project("{FAE04EC0-301F-11D3-BF4B-00C04F79EFBC}") = "YoutubeDownloader", "YoutubeDownloader\YoutubeDownloader.csproj", "{5F3E3EC6-691B-4601-9817-9D64B8B30699}"
EndProject
Project("{FAE04EC0-301F-11D3-BF4B-00C04F79EFBC}") = "FFMpegSharp", "..\FFMpegSharp-master\FFMpegSharp\FFMpegSharp.csproj", "{5CEC6504-BD25-45D0-830C-A2162F4AAD12}"
EndProject
Project("{FAE04EC0-301F-11D3-BF4B-00C04F79EFBC}") = "Data", "Data\Data.csproj", "{267C5B87-A423-48E9-AC0C-9098CEC5C1D1}"
EndProject
Global
	GlobalSection(SolutionConfigurationPlatforms) = preSolution
		Debug|Any CPU = Debug|Any CPU
		Release|Any CPU = Release|Any CPU
	EndGlobalSection
	GlobalSection(ProjectConfigurationPlatforms) = postSolution
		{5F3E3EC6-691B-4601-9817-9D64B8B30699}.Debug|Any CPU.ActiveCfg = Debug|Any CPU
		{5F3E3EC6-691B-4601-9817-9D64B8B30699}.Debug|Any CPU.Build.0 = Debug|Any CPU
		{5F3E3EC6-691B-4601-9817-9D64B8B30699}.Release|Any CPU.ActiveCfg = Release|Any CPU
		{5F3E3EC6-691B-4601-9817-9D64B8B30699}.Release|Any CPU.Build.0 = Release|Any CPU
		{5CEC6504-BD25-45D0-830C-A2162F4AAD12}.Debug|Any CPU.ActiveCfg = Debug|Any CPU
		{5CEC6504-BD25-45D0-830C-A2162F4AAD12}.Debug|Any CPU.Build.0 = Debug|Any CPU
		{5CEC6504-BD25-45D0-830C-A2162F4AAD12}.Release|Any CPU.ActiveCfg = Release|Any CPU
		{5CEC6504-BD25-45D0-830C-A2162F4AAD12}.Release|Any CPU.Build.0 = Release|Any CPU
		{267C5B87-A423-48E9-AC0C-9098CEC5C1D1}.Debug|Any CPU.ActiveCfg = Debug|Any CPU
		{267C5B87-A423-48E9-AC0C-9098CEC5C1D1}.Debug|Any CPU.Build.0 = Debug|Any CPU
		{267C5B87-A423-48E9-AC0C-9098CEC5C1D1}.Release|Any CPU.ActiveCfg = Release|Any CPU
		{267C5B87-A423-48E9-AC0C-9098CEC5C1D1}.Release|Any CPU.Build.0 = Release|Any CPU
	EndGlobalSection
	GlobalSection(SolutionProperties) = preSolution
		HideSolutionNode = FALSE
	EndGlobalSection
	GlobalSection(ExtensibilityGlobals) = postSolution
		SolutionGuid = {5F86525D-4550-4326-9BD2-C8555C04562E}
	EndGlobalSection
EndGlobal
