
Microsoft Visual Studio Solution File, Format Version 12.00
# Visual Studio Version 17
VisualStudioVersion = 17.9.34622.214
MinimumVisualStudioVersion = 10.0.40219.1
Project("{FAE04EC0-301F-11D3-BF4B-00C04F79EFBC}") = "YoutubeDownloader", "YoutubeDownloader\YoutubeDownloader.csproj", "{5F3E3EC6-691B-4601-9817-9D64B8B30699}"
EndProject
Project("{9A19103F-16F7-4668-BE54-9A1E7A4F7556}") = "Application", "Application\Application.csproj", "{4DB48665-AB2F-49E6-8A1E-7EA50A89BEC1}"
EndProject
Project("{9A19103F-16F7-4668-BE54-9A1E7A4F7556}") = "Infrastructure", "Infrastructure\Infrastructure.csproj", "{1AE3A7C7-9D8E-4BDE-9A68-D159CAC0B751}"
EndProject
Project("{9A19103F-16F7-4668-BE54-9A1E7A4F7556}") = "Domain", "Domain\Domain.csproj", "{C6F3FF44-80A4-42E5-A5F1-3702695F949D}"
EndProject
Project("{9A19103F-16F7-4668-BE54-9A1E7A4F7556}") = "WebUI", "WebUI\WebUI.csproj", "{7B95C3D8-B179-4297-A9E7-214D2ACE3D95}"
EndProject
Project("{2150E333-8FDC-42A3-9474-1A3956D46DE8}") = "Global", "Global", "{64E11B48-8AEF-49DB-84C9-BB61F01A6134}"
EndProject
Project("{9A19103F-16F7-4668-BE54-9A1E7A4F7556}") = "Clients", "Clients\Clients.csproj", "{CB76951B-51AA-4BB4-8056-B858A9E99DD5}"
EndProject
Project("{9A19103F-16F7-4668-BE54-9A1E7A4F7556}") = "YoutubeDownloader-WPFCore", "YoutubeDownloader-WPFCore\YoutubeDownloader-WPFCore.csproj", "{C05C068A-B86E-4288-8FE4-6AD0FA2E706E}"
EndProject
Project("{2150E333-8FDC-42A3-9474-1A3956D46DE8}") = "WpfApplication", "WpfApplication", "{891DD37B-521A-4187-87E2-722A05CBFD59}"
EndProject
Project("{2150E333-8FDC-42A3-9474-1A3956D46DE8}") = "WebApplication", "WebApplication", "{FAFED387-4518-47F3-8204-955B9CBA5182}"
EndProject
Project("{2150E333-8FDC-42A3-9474-1A3956D46DE8}") = "Legacy", "Legacy", "{5DC3FE43-88A7-44B8-ADBC-A4D130D58D72}"
EndProject
Project("{9A19103F-16F7-4668-BE54-9A1E7A4F7556}") = "YoutubeDownloaderBackingService", "YoutubeDownloaderBackingService\YoutubeDownloaderBackingService.csproj", "{AB9E54A9-20A5-4239-9290-1867857F9C51}"
EndProject
Project("{FAE04EC0-301F-11D3-BF4B-00C04F79EFBC}") = "Test", "Test\Test.csproj", "{93B11384-9304-41B4-B660-911BE45ACE84}"
EndProject
Project("{FAE04EC0-301F-11D3-BF4B-00C04F79EFBC}") = "youtubedownloader_vue.Server", "youtubedownloader_vue\youtubedownloader_vue.Server\youtubedownloader_vue.Server.csproj", "{ECE79C04-BA85-4383-B2FC-C6B72925022C}"
EndProject
Project("{54A90642-561A-4BB1-A94E-469ADEE60C69}") = "youtubedownloader_vue.client", "youtubedownloader_vue\youtubedownloader_vue.client\youtubedownloader_vue.client.esproj", "{5B5D224D-F904-4D5A-870E-2CAA53E302AD}"
EndProject
Global
	GlobalSection(SolutionConfigurationPlatforms) = preSolution
		Debug|Any CPU = Debug|Any CPU
		Debug|x64 = Debug|x64
		LamaDebug|Any CPU = LamaDebug|Any CPU
		LamaDebug|x64 = LamaDebug|x64
		Release|Any CPU = Release|Any CPU
		Release|x64 = Release|x64
	EndGlobalSection
	GlobalSection(ProjectConfigurationPlatforms) = postSolution
		{5F3E3EC6-691B-4601-9817-9D64B8B30699}.Debug|Any CPU.ActiveCfg = Debug|Any CPU
		{5F3E3EC6-691B-4601-9817-9D64B8B30699}.Debug|Any CPU.Build.0 = Debug|Any CPU
		{5F3E3EC6-691B-4601-9817-9D64B8B30699}.Debug|x64.ActiveCfg = Debug|x64
		{5F3E3EC6-691B-4601-9817-9D64B8B30699}.Debug|x64.Build.0 = Debug|x64
		{5F3E3EC6-691B-4601-9817-9D64B8B30699}.LamaDebug|Any CPU.ActiveCfg = Debug|Any CPU
		{5F3E3EC6-691B-4601-9817-9D64B8B30699}.LamaDebug|Any CPU.Build.0 = Debug|Any CPU
		{5F3E3EC6-691B-4601-9817-9D64B8B30699}.LamaDebug|x64.ActiveCfg = Debug|x64
		{5F3E3EC6-691B-4601-9817-9D64B8B30699}.LamaDebug|x64.Build.0 = Debug|x64
		{5F3E3EC6-691B-4601-9817-9D64B8B30699}.Release|Any CPU.ActiveCfg = Release|Any CPU
		{5F3E3EC6-691B-4601-9817-9D64B8B30699}.Release|Any CPU.Build.0 = Release|Any CPU
		{5F3E3EC6-691B-4601-9817-9D64B8B30699}.Release|x64.ActiveCfg = Release|x64
		{5F3E3EC6-691B-4601-9817-9D64B8B30699}.Release|x64.Build.0 = Release|x64
		{4DB48665-AB2F-49E6-8A1E-7EA50A89BEC1}.Debug|Any CPU.ActiveCfg = Debug|Any CPU
		{4DB48665-AB2F-49E6-8A1E-7EA50A89BEC1}.Debug|Any CPU.Build.0 = Debug|Any CPU
		{4DB48665-AB2F-49E6-8A1E-7EA50A89BEC1}.Debug|x64.ActiveCfg = Debug|x64
		{4DB48665-AB2F-49E6-8A1E-7EA50A89BEC1}.Debug|x64.Build.0 = Debug|x64
		{4DB48665-AB2F-49E6-8A1E-7EA50A89BEC1}.LamaDebug|Any CPU.ActiveCfg = Debug|Any CPU
		{4DB48665-AB2F-49E6-8A1E-7EA50A89BEC1}.LamaDebug|Any CPU.Build.0 = Debug|Any CPU
		{4DB48665-AB2F-49E6-8A1E-7EA50A89BEC1}.LamaDebug|x64.ActiveCfg = Debug|x64
		{4DB48665-AB2F-49E6-8A1E-7EA50A89BEC1}.LamaDebug|x64.Build.0 = Debug|x64
		{4DB48665-AB2F-49E6-8A1E-7EA50A89BEC1}.Release|Any CPU.ActiveCfg = Release|Any CPU
		{4DB48665-AB2F-49E6-8A1E-7EA50A89BEC1}.Release|Any CPU.Build.0 = Release|Any CPU
		{4DB48665-AB2F-49E6-8A1E-7EA50A89BEC1}.Release|x64.ActiveCfg = Release|x64
		{4DB48665-AB2F-49E6-8A1E-7EA50A89BEC1}.Release|x64.Build.0 = Release|x64
		{1AE3A7C7-9D8E-4BDE-9A68-D159CAC0B751}.Debug|Any CPU.ActiveCfg = Debug|Any CPU
		{1AE3A7C7-9D8E-4BDE-9A68-D159CAC0B751}.Debug|Any CPU.Build.0 = Debug|Any CPU
		{1AE3A7C7-9D8E-4BDE-9A68-D159CAC0B751}.Debug|x64.ActiveCfg = Debug|x64
		{1AE3A7C7-9D8E-4BDE-9A68-D159CAC0B751}.Debug|x64.Build.0 = Debug|x64
		{1AE3A7C7-9D8E-4BDE-9A68-D159CAC0B751}.LamaDebug|Any CPU.ActiveCfg = Debug|Any CPU
		{1AE3A7C7-9D8E-4BDE-9A68-D159CAC0B751}.LamaDebug|Any CPU.Build.0 = Debug|Any CPU
		{1AE3A7C7-9D8E-4BDE-9A68-D159CAC0B751}.LamaDebug|x64.ActiveCfg = Debug|x64
		{1AE3A7C7-9D8E-4BDE-9A68-D159CAC0B751}.LamaDebug|x64.Build.0 = Debug|x64
		{1AE3A7C7-9D8E-4BDE-9A68-D159CAC0B751}.Release|Any CPU.ActiveCfg = Release|Any CPU
		{1AE3A7C7-9D8E-4BDE-9A68-D159CAC0B751}.Release|Any CPU.Build.0 = Release|Any CPU
		{1AE3A7C7-9D8E-4BDE-9A68-D159CAC0B751}.Release|x64.ActiveCfg = Release|x64
		{1AE3A7C7-9D8E-4BDE-9A68-D159CAC0B751}.Release|x64.Build.0 = Release|x64
		{C6F3FF44-80A4-42E5-A5F1-3702695F949D}.Debug|Any CPU.ActiveCfg = Debug|Any CPU
		{C6F3FF44-80A4-42E5-A5F1-3702695F949D}.Debug|Any CPU.Build.0 = Debug|Any CPU
		{C6F3FF44-80A4-42E5-A5F1-3702695F949D}.Debug|x64.ActiveCfg = Debug|x64
		{C6F3FF44-80A4-42E5-A5F1-3702695F949D}.Debug|x64.Build.0 = Debug|x64
		{C6F3FF44-80A4-42E5-A5F1-3702695F949D}.LamaDebug|Any CPU.ActiveCfg = Debug|Any CPU
		{C6F3FF44-80A4-42E5-A5F1-3702695F949D}.LamaDebug|Any CPU.Build.0 = Debug|Any CPU
		{C6F3FF44-80A4-42E5-A5F1-3702695F949D}.LamaDebug|x64.ActiveCfg = Debug|x64
		{C6F3FF44-80A4-42E5-A5F1-3702695F949D}.LamaDebug|x64.Build.0 = Debug|x64
		{C6F3FF44-80A4-42E5-A5F1-3702695F949D}.Release|Any CPU.ActiveCfg = Release|Any CPU
		{C6F3FF44-80A4-42E5-A5F1-3702695F949D}.Release|Any CPU.Build.0 = Release|Any CPU
		{C6F3FF44-80A4-42E5-A5F1-3702695F949D}.Release|x64.ActiveCfg = Release|x64
		{C6F3FF44-80A4-42E5-A5F1-3702695F949D}.Release|x64.Build.0 = Release|x64
		{7B95C3D8-B179-4297-A9E7-214D2ACE3D95}.Debug|Any CPU.ActiveCfg = Debug|Any CPU
		{7B95C3D8-B179-4297-A9E7-214D2ACE3D95}.Debug|Any CPU.Build.0 = Debug|Any CPU
		{7B95C3D8-B179-4297-A9E7-214D2ACE3D95}.Debug|x64.ActiveCfg = Debug|x64
		{7B95C3D8-B179-4297-A9E7-214D2ACE3D95}.Debug|x64.Build.0 = Debug|x64
		{7B95C3D8-B179-4297-A9E7-214D2ACE3D95}.LamaDebug|Any CPU.ActiveCfg = Debug|Any CPU
		{7B95C3D8-B179-4297-A9E7-214D2ACE3D95}.LamaDebug|Any CPU.Build.0 = Debug|Any CPU
		{7B95C3D8-B179-4297-A9E7-214D2ACE3D95}.LamaDebug|x64.ActiveCfg = Debug|x64
		{7B95C3D8-B179-4297-A9E7-214D2ACE3D95}.LamaDebug|x64.Build.0 = Debug|x64
		{7B95C3D8-B179-4297-A9E7-214D2ACE3D95}.Release|Any CPU.ActiveCfg = Release|Any CPU
		{7B95C3D8-B179-4297-A9E7-214D2ACE3D95}.Release|Any CPU.Build.0 = Release|Any CPU
		{7B95C3D8-B179-4297-A9E7-214D2ACE3D95}.Release|x64.ActiveCfg = Release|x64
		{7B95C3D8-B179-4297-A9E7-214D2ACE3D95}.Release|x64.Build.0 = Release|x64
		{CB76951B-51AA-4BB4-8056-B858A9E99DD5}.Debug|Any CPU.ActiveCfg = Debug|Any CPU
		{CB76951B-51AA-4BB4-8056-B858A9E99DD5}.Debug|Any CPU.Build.0 = Debug|Any CPU
		{CB76951B-51AA-4BB4-8056-B858A9E99DD5}.Debug|x64.ActiveCfg = Debug|x64
		{CB76951B-51AA-4BB4-8056-B858A9E99DD5}.Debug|x64.Build.0 = Debug|x64
		{CB76951B-51AA-4BB4-8056-B858A9E99DD5}.LamaDebug|Any CPU.ActiveCfg = Debug|Any CPU
		{CB76951B-51AA-4BB4-8056-B858A9E99DD5}.LamaDebug|Any CPU.Build.0 = Debug|Any CPU
		{CB76951B-51AA-4BB4-8056-B858A9E99DD5}.LamaDebug|x64.ActiveCfg = Debug|x64
		{CB76951B-51AA-4BB4-8056-B858A9E99DD5}.LamaDebug|x64.Build.0 = Debug|x64
		{CB76951B-51AA-4BB4-8056-B858A9E99DD5}.Release|Any CPU.ActiveCfg = Release|Any CPU
		{CB76951B-51AA-4BB4-8056-B858A9E99DD5}.Release|Any CPU.Build.0 = Release|Any CPU
		{CB76951B-51AA-4BB4-8056-B858A9E99DD5}.Release|x64.ActiveCfg = Release|x64
		{CB76951B-51AA-4BB4-8056-B858A9E99DD5}.Release|x64.Build.0 = Release|x64
		{C05C068A-B86E-4288-8FE4-6AD0FA2E706E}.Debug|Any CPU.ActiveCfg = Debug|Any CPU
		{C05C068A-B86E-4288-8FE4-6AD0FA2E706E}.Debug|Any CPU.Build.0 = Debug|Any CPU
		{C05C068A-B86E-4288-8FE4-6AD0FA2E706E}.Debug|x64.ActiveCfg = Debug|x64
		{C05C068A-B86E-4288-8FE4-6AD0FA2E706E}.Debug|x64.Build.0 = Debug|x64
		{C05C068A-B86E-4288-8FE4-6AD0FA2E706E}.LamaDebug|Any CPU.ActiveCfg = LamaDebug|Any CPU
		{C05C068A-B86E-4288-8FE4-6AD0FA2E706E}.LamaDebug|Any CPU.Build.0 = LamaDebug|Any CPU
		{C05C068A-B86E-4288-8FE4-6AD0FA2E706E}.LamaDebug|x64.ActiveCfg = LamaDebug|x64
		{C05C068A-B86E-4288-8FE4-6AD0FA2E706E}.LamaDebug|x64.Build.0 = LamaDebug|x64
		{C05C068A-B86E-4288-8FE4-6AD0FA2E706E}.Release|Any CPU.ActiveCfg = Release|Any CPU
		{C05C068A-B86E-4288-8FE4-6AD0FA2E706E}.Release|Any CPU.Build.0 = Release|Any CPU
		{C05C068A-B86E-4288-8FE4-6AD0FA2E706E}.Release|x64.ActiveCfg = Release|x64
		{C05C068A-B86E-4288-8FE4-6AD0FA2E706E}.Release|x64.Build.0 = Release|x64
		{AB9E54A9-20A5-4239-9290-1867857F9C51}.Debug|Any CPU.ActiveCfg = Debug|Any CPU
		{AB9E54A9-20A5-4239-9290-1867857F9C51}.Debug|Any CPU.Build.0 = Debug|Any CPU
		{AB9E54A9-20A5-4239-9290-1867857F9C51}.Debug|x64.ActiveCfg = Debug|x64
		{AB9E54A9-20A5-4239-9290-1867857F9C51}.Debug|x64.Build.0 = Debug|x64
		{AB9E54A9-20A5-4239-9290-1867857F9C51}.LamaDebug|Any CPU.ActiveCfg = Debug|Any CPU
		{AB9E54A9-20A5-4239-9290-1867857F9C51}.LamaDebug|Any CPU.Build.0 = Debug|Any CPU
		{AB9E54A9-20A5-4239-9290-1867857F9C51}.LamaDebug|x64.ActiveCfg = Debug|x64
		{AB9E54A9-20A5-4239-9290-1867857F9C51}.LamaDebug|x64.Build.0 = Debug|x64
		{AB9E54A9-20A5-4239-9290-1867857F9C51}.Release|Any CPU.ActiveCfg = Release|Any CPU
		{AB9E54A9-20A5-4239-9290-1867857F9C51}.Release|Any CPU.Build.0 = Release|Any CPU
		{AB9E54A9-20A5-4239-9290-1867857F9C51}.Release|x64.ActiveCfg = Release|x64
		{AB9E54A9-20A5-4239-9290-1867857F9C51}.Release|x64.Build.0 = Release|x64
		{93B11384-9304-41B4-B660-911BE45ACE84}.Debug|Any CPU.ActiveCfg = Debug|Any CPU
		{93B11384-9304-41B4-B660-911BE45ACE84}.Debug|Any CPU.Build.0 = Debug|Any CPU
		{93B11384-9304-41B4-B660-911BE45ACE84}.Debug|x64.ActiveCfg = Debug|Any CPU
		{93B11384-9304-41B4-B660-911BE45ACE84}.Debug|x64.Build.0 = Debug|Any CPU
		{93B11384-9304-41B4-B660-911BE45ACE84}.LamaDebug|Any CPU.ActiveCfg = Debug|Any CPU
		{93B11384-9304-41B4-B660-911BE45ACE84}.LamaDebug|Any CPU.Build.0 = Debug|Any CPU
		{93B11384-9304-41B4-B660-911BE45ACE84}.LamaDebug|x64.ActiveCfg = Debug|Any CPU
		{93B11384-9304-41B4-B660-911BE45ACE84}.LamaDebug|x64.Build.0 = Debug|Any CPU
		{93B11384-9304-41B4-B660-911BE45ACE84}.Release|Any CPU.ActiveCfg = Release|Any CPU
		{93B11384-9304-41B4-B660-911BE45ACE84}.Release|Any CPU.Build.0 = Release|Any CPU
		{93B11384-9304-41B4-B660-911BE45ACE84}.Release|x64.ActiveCfg = Release|Any CPU
		{93B11384-9304-41B4-B660-911BE45ACE84}.Release|x64.Build.0 = Release|Any CPU
		{ECE79C04-BA85-4383-B2FC-C6B72925022C}.Debug|Any CPU.ActiveCfg = Debug|Any CPU
		{ECE79C04-BA85-4383-B2FC-C6B72925022C}.Debug|Any CPU.Build.0 = Debug|Any CPU
		{ECE79C04-BA85-4383-B2FC-C6B72925022C}.Debug|x64.ActiveCfg = Debug|Any CPU
		{ECE79C04-BA85-4383-B2FC-C6B72925022C}.Debug|x64.Build.0 = Debug|Any CPU
		{ECE79C04-BA85-4383-B2FC-C6B72925022C}.LamaDebug|Any CPU.ActiveCfg = Debug|Any CPU
		{ECE79C04-BA85-4383-B2FC-C6B72925022C}.LamaDebug|Any CPU.Build.0 = Debug|Any CPU
		{ECE79C04-BA85-4383-B2FC-C6B72925022C}.LamaDebug|x64.ActiveCfg = Debug|Any CPU
		{ECE79C04-BA85-4383-B2FC-C6B72925022C}.LamaDebug|x64.Build.0 = Debug|Any CPU
		{ECE79C04-BA85-4383-B2FC-C6B72925022C}.Release|Any CPU.ActiveCfg = Release|Any CPU
		{ECE79C04-BA85-4383-B2FC-C6B72925022C}.Release|Any CPU.Build.0 = Release|Any CPU
		{ECE79C04-BA85-4383-B2FC-C6B72925022C}.Release|x64.ActiveCfg = Release|Any CPU
		{ECE79C04-BA85-4383-B2FC-C6B72925022C}.Release|x64.Build.0 = Release|Any CPU
		{5B5D224D-F904-4D5A-870E-2CAA53E302AD}.Debug|Any CPU.ActiveCfg = Debug|Any CPU
		{5B5D224D-F904-4D5A-870E-2CAA53E302AD}.Debug|Any CPU.Build.0 = Debug|Any CPU
		{5B5D224D-F904-4D5A-870E-2CAA53E302AD}.Debug|Any CPU.Deploy.0 = Debug|Any CPU
		{5B5D224D-F904-4D5A-870E-2CAA53E302AD}.Debug|x64.ActiveCfg = Debug|Any CPU
		{5B5D224D-F904-4D5A-870E-2CAA53E302AD}.Debug|x64.Build.0 = Debug|Any CPU
		{5B5D224D-F904-4D5A-870E-2CAA53E302AD}.Debug|x64.Deploy.0 = Debug|Any CPU
		{5B5D224D-F904-4D5A-870E-2CAA53E302AD}.LamaDebug|Any CPU.ActiveCfg = Debug|Any CPU
		{5B5D224D-F904-4D5A-870E-2CAA53E302AD}.LamaDebug|Any CPU.Build.0 = Debug|Any CPU
		{5B5D224D-F904-4D5A-870E-2CAA53E302AD}.LamaDebug|Any CPU.Deploy.0 = Debug|Any CPU
		{5B5D224D-F904-4D5A-870E-2CAA53E302AD}.LamaDebug|x64.ActiveCfg = Debug|Any CPU
		{5B5D224D-F904-4D5A-870E-2CAA53E302AD}.LamaDebug|x64.Build.0 = Debug|Any CPU
		{5B5D224D-F904-4D5A-870E-2CAA53E302AD}.LamaDebug|x64.Deploy.0 = Debug|Any CPU
		{5B5D224D-F904-4D5A-870E-2CAA53E302AD}.Release|Any CPU.ActiveCfg = Release|Any CPU
		{5B5D224D-F904-4D5A-870E-2CAA53E302AD}.Release|Any CPU.Build.0 = Release|Any CPU
		{5B5D224D-F904-4D5A-870E-2CAA53E302AD}.Release|Any CPU.Deploy.0 = Release|Any CPU
		{5B5D224D-F904-4D5A-870E-2CAA53E302AD}.Release|x64.ActiveCfg = Release|Any CPU
		{5B5D224D-F904-4D5A-870E-2CAA53E302AD}.Release|x64.Build.0 = Release|Any CPU
		{5B5D224D-F904-4D5A-870E-2CAA53E302AD}.Release|x64.Deploy.0 = Release|Any CPU
	EndGlobalSection
	GlobalSection(SolutionProperties) = preSolution
		HideSolutionNode = FALSE
	EndGlobalSection
	GlobalSection(NestedProjects) = preSolution
		{5F3E3EC6-691B-4601-9817-9D64B8B30699} = {5DC3FE43-88A7-44B8-ADBC-A4D130D58D72}
		{7B95C3D8-B179-4297-A9E7-214D2ACE3D95} = {FAFED387-4518-47F3-8204-955B9CBA5182}
		{CB76951B-51AA-4BB4-8056-B858A9E99DD5} = {64E11B48-8AEF-49DB-84C9-BB61F01A6134}
		{C05C068A-B86E-4288-8FE4-6AD0FA2E706E} = {891DD37B-521A-4187-87E2-722A05CBFD59}
		{AB9E54A9-20A5-4239-9290-1867857F9C51} = {891DD37B-521A-4187-87E2-722A05CBFD59}
		{93B11384-9304-41B4-B660-911BE45ACE84} = {891DD37B-521A-4187-87E2-722A05CBFD59}
		{ECE79C04-BA85-4383-B2FC-C6B72925022C} = {FAFED387-4518-47F3-8204-955B9CBA5182}
		{5B5D224D-F904-4D5A-870E-2CAA53E302AD} = {FAFED387-4518-47F3-8204-955B9CBA5182}
	EndGlobalSection
	GlobalSection(ExtensibilityGlobals) = postSolution
		SolutionGuid = {5F86525D-4550-4326-9BD2-C8555C04562E}
	EndGlobalSection
EndGlobal
