
Microsoft Visual Studio Solution File, Format Version 12.00
# Visual Studio 15
VisualStudioVersion = 15.0.27130.2036
MinimumVisualStudioVersion = 10.0.40219.1
Project("{FAE04EC0-301F-11D3-BF4B-00C04F79EFBC}") = "YoutubeDownloader", "YoutubeDownloader\YoutubeDownloader.csproj", "{5F3E3EC6-691B-4601-9817-9D64B8B30699}"
EndProject
Project("{FAE04EC0-301F-11D3-BF4B-00C04F79EFBC}") = "Application", "Application\Application.csproj", "{4DB48665-AB2F-49E6-8A1E-7EA50A89BEC1}"
EndProject
Project("{FAE04EC0-301F-11D3-BF4B-00C04F79EFBC}") = "Infrastructure", "Infrastructure\Infrastructure.csproj", "{1AE3A7C7-9D8E-4BDE-9A68-D159CAC0B751}"
EndProject
Project("{FAE04EC0-301F-11D3-BF4B-00C04F79EFBC}") = "Domain", "Domain\Domain.csproj", "{C6F3FF44-80A4-42E5-A5F1-3702695F949D}"
EndProject
Project("{FAE04EC0-301F-11D3-BF4B-00C04F79EFBC}") = "WebUI", "WebUI\WebUI.csproj", "{7B95C3D8-B179-4297-A9E7-214D2ACE3D95}"
EndProject
Project("{2150E333-8FDC-42A3-9474-1A3956D46DE8}") = "Global", "Global", "{64E11B48-8AEF-49DB-84C9-BB61F01A6134}"
EndProject
Project("{FAE04EC0-301F-11D3-BF4B-00C04F79EFBC}") = "Clients", "Clients\Clients.csproj", "{CB76951B-51AA-4BB4-8056-B858A9E99DD5}"
EndProject
Global
	GlobalSection(SolutionConfigurationPlatforms) = preSolution
		Debug|Any CPU = Debug|Any CPU
		Release|Any CPU = Release|Any CPU
	EndGlobalSection
	GlobalSection(ProjectConfigurationPlatforms) = postSolution
		{5F3E3EC6-691B-4601-9817-9D64B8B30699}.Debug|Any CPU.ActiveCfg = Debug|Any CPU
		{5F3E3EC6-691B-4601-9817-9D64B8B30699}.Debug|Any CPU.Build.0 = Debug|Any CPU
		{5F3E3EC6-691B-4601-9817-9D64B8B30699}.Release|Any CPU.ActiveCfg = Release|Any CPU
		{5F3E3EC6-691B-4601-9817-9D64B8B30699}.Release|Any CPU.Build.0 = Release|Any CPU
		{4DB48665-AB2F-49E6-8A1E-7EA50A89BEC1}.Debug|Any CPU.ActiveCfg = Debug|Any CPU
		{4DB48665-AB2F-49E6-8A1E-7EA50A89BEC1}.Debug|Any CPU.Build.0 = Debug|Any CPU
		{4DB48665-AB2F-49E6-8A1E-7EA50A89BEC1}.Release|Any CPU.ActiveCfg = Release|Any CPU
		{4DB48665-AB2F-49E6-8A1E-7EA50A89BEC1}.Release|Any CPU.Build.0 = Release|Any CPU
		{1AE3A7C7-9D8E-4BDE-9A68-D159CAC0B751}.Debug|Any CPU.ActiveCfg = Debug|Any CPU
		{1AE3A7C7-9D8E-4BDE-9A68-D159CAC0B751}.Debug|Any CPU.Build.0 = Debug|Any CPU
		{1AE3A7C7-9D8E-4BDE-9A68-D159CAC0B751}.Release|Any CPU.ActiveCfg = Release|Any CPU
		{1AE3A7C7-9D8E-4BDE-9A68-D159CAC0B751}.Release|Any CPU.Build.0 = Release|Any CPU
		{C6F3FF44-80A4-42E5-A5F1-3702695F949D}.Debug|Any CPU.ActiveCfg = Debug|Any CPU
		{C6F3FF44-80A4-42E5-A5F1-3702695F949D}.Debug|Any CPU.Build.0 = Debug|Any CPU
		{C6F3FF44-80A4-42E5-A5F1-3702695F949D}.Release|Any CPU.ActiveCfg = Release|Any CPU
		{C6F3FF44-80A4-42E5-A5F1-3702695F949D}.Release|Any CPU.Build.0 = Release|Any CPU
		{7B95C3D8-B179-4297-A9E7-214D2ACE3D95}.Debug|Any CPU.ActiveCfg = Debug|Any CPU
		{7B95C3D8-B179-4297-A9E7-214D2ACE3D95}.Debug|Any CPU.Build.0 = Debug|Any CPU
		{7B95C3D8-B179-4297-A9E7-214D2ACE3D95}.Release|Any CPU.ActiveCfg = Release|Any CPU
		{7B95C3D8-B179-4297-A9E7-214D2ACE3D95}.Release|Any CPU.Build.0 = Release|Any CPU
		{CB76951B-51AA-4BB4-8056-B858A9E99DD5}.Debug|Any CPU.ActiveCfg = Debug|Any CPU
		{CB76951B-51AA-4BB4-8056-B858A9E99DD5}.Debug|Any CPU.Build.0 = Debug|Any CPU
		{CB76951B-51AA-4BB4-8056-B858A9E99DD5}.Release|Any CPU.ActiveCfg = Release|Any CPU
		{CB76951B-51AA-4BB4-8056-B858A9E99DD5}.Release|Any CPU.Build.0 = Release|Any CPU
	EndGlobalSection
	GlobalSection(SolutionProperties) = preSolution
		HideSolutionNode = FALSE
	EndGlobalSection
	GlobalSection(ExtensibilityGlobals) = postSolution
		SolutionGuid = {5F86525D-4550-4326-9BD2-C8555C04562E}
	EndGlobalSection
	GlobalSection(NestedProjects) = preSolution
		{CB76951B-51AA-4BB4-8056-B858A9E99DD5} = {64E11B48-8AEF-49DB-84C9-BB61F01A6134}
	EndGlobalSection
EndGlobal
